{"format_version":"1.1","terraform_version":"1.2.5","planned_values":{"root_module":{"resources":[{"address":"azurerm_linux_virtual_machine.main","mode":"managed","type":"azurerm_linux_virtual_machine","name":"main","provider_name":"registry.terraform.io/hashicorp/azurerm","schema_version":0,"values":{"additional_capabilities":[],"admin_password":"mrpswrd1234!","admin_ssh_key":[],"admin_username":"mruser","allow_extension_operations":true,"availability_set_id":null,"boot_diagnostics":[],"capacity_reservation_group_id":null,"custom_data":null,"dedicated_host_group_id":null,"dedicated_host_id":null,"disable_password_authentication":false,"edge_zone":null,"encryption_at_host_enabled":null,"eviction_policy":null,"extensions_time_budget":"PT1H30M","identity":[],"license_type":null,"location":"eastus","max_bid_price":-1,"name":"gsf-vm-linux1","os_disk":[{"caching":"ReadWrite","diff_disk_settings":[],"disk_encryption_set_id":null,"secure_vm_disk_encryption_set_id":null,"security_encryption_type":null,"storage_account_type":"Standard_LRS","write_accelerator_enabled":false}],"patch_mode":"ImageDefault","plan":[],"platform_fault_domain":-1,"priority":"Regular","provision_vm_agent":true,"proximity_placement_group_id":null,"resource_group_name":"gsf-rg","secret":[],"secure_boot_enabled":null,"size":"Standard_D2s_v3","source_image_id":null,"source_image_reference":[{"offer":"UbuntuServer","publisher":"Canonical","sku":"18.04-LTS","version":"latest"}],"tags":null,"timeouts":null,"user_data":null,"virtual_machine_scale_set_id":null,"vtpm_enabled":null,"zone":null},"sensitive_values":{"additional_capabilities":[],"admin_ssh_key":[],"boot_diagnostics":[],"identity":[],"network_interface_ids":[],"os_disk":[{"diff_disk_settings":[]}],"plan":[],"private_ip_addresses":[],"public_ip_addresses":[],"secret":[],"source_image_reference":[{}],"termination_notification":[]}},{"address":"azurerm_network_interface.linux1","mode":"managed","type":"azurerm_network_interface","name":"linux1","provider_name":"registry.terraform.io/hashicorp/azurerm","schema_version":0,"values":{"edge_zone":null,"enable_accelerated_networking":false,"enable_ip_forwarding":false,"ip_configuration":[{"name":"internal","private_ip_address_allocation":"Dynamic","private_ip_address_version":"IPv4","public_ip_address_id":null}],"location":"eastus","name":"gsf-nic-linux1","resource_group_name":"gsf-rg","tags":null,"timeouts":null},"sensitive_values":{"applied_dns_servers":[],"dns_servers":[],"ip_configuration":[{}],"private_ip_addresses":[]}},{"address":"azurerm_network_interface.windows1","mode":"managed","type":"azurerm_network_interface","name":"windows1","provider_name":"registry.terraform.io/hashicorp/azurerm","schema_version":0,"values":{"edge_zone":null,"enable_accelerated_networking":false,"enable_ip_forwarding":false,"ip_configuration":[{"name":"internal","private_ip_address_allocation":"Dynamic","private_ip_address_version":"IPv4","public_ip_address_id":null}],"location":"eastus","name":"gsf-nic-windows1","resource_group_name":"gsf-rg","tags":null,"timeouts":null},"sensitive_values":{"applied_dns_servers":[],"dns_servers":[],"ip_configuration":[{}],"private_ip_addresses":[]}},{"address":"azurerm_resource_group.main","mode":"managed","type":"azurerm_resource_group","name":"main","provider_name":"registry.terraform.io/hashicorp/azurerm","schema_version":0,"values":{"location":"eastus","name":"gsf-rg","tags":null,"timeouts":null},"sensitive_values":{}},{"address":"azurerm_subnet.linux","mode":"managed","type":"azurerm_subnet","name":"linux","provider_name":"registry.terraform.io/hashicorp/azurerm","schema_version":0,"values":{"address_prefixes":["10.0.2.0/27"],"delegation":[],"enforce_private_link_endpoint_network_policies":false,"enforce_private_link_service_network_policies":false,"name":"gsf-linux-subnet","resource_group_name":"gsf-rg","service_endpoint_policy_ids":null,"service_endpoints":null,"timeouts":null,"virtual_network_name":"gsf-network"},"sensitive_values":{"address_prefixes":[false],"delegation":[]}},{"address":"azurerm_subnet.windows","mode":"managed","type":"azurerm_subnet","name":"windows","provider_name":"registry.terraform.io/hashicorp/azurerm","schema_version":0,"values":{"address_prefixes":["10.0.2.32/27"],"delegation":[],"enforce_private_link_endpoint_network_policies":false,"enforce_private_link_service_network_policies":false,"name":"gsf-windows-subnet","resource_group_name":"gsf-rg","service_endpoint_policy_ids":null,"service_endpoints":null,"timeouts":null,"virtual_network_name":"gsf-network"},"sensitive_values":{"address_prefixes":[false],"delegation":[]}},{"address":"azurerm_virtual_network.main","mode":"managed","type":"azurerm_virtual_network","name":"main","provider_name":"registry.terraform.io/hashicorp/azurerm","schema_version":0,"values":{"address_space":["10.0.0.0/22"],"bgp_community":null,"ddos_protection_plan":[],"edge_zone":null,"flow_timeout_in_minutes":null,"location":"eastus","name":"gsf-network","resource_group_name":"gsf-rg","tags":null,"timeouts":null},"sensitive_values":{"address_space":[false],"ddos_protection_plan":[],"dns_servers":[],"subnet":[]}},{"address":"azurerm_windows_virtual_machine.main","mode":"managed","type":"azurerm_windows_virtual_machine","name":"main","provider_name":"registry.terraform.io/hashicorp/azurerm","schema_version":0,"values":{"additional_capabilities":[],"additional_unattend_content":[],"admin_password":"mrpswrd1234!","admin_username":"mruser","allow_extension_operations":true,"availability_set_id":null,"boot_diagnostics":[],"capacity_reservation_group_id":null,"custom_data":null,"dedicated_host_group_id":null,"dedicated_host_id":null,"edge_zone":null,"enable_automatic_updates":true,"encryption_at_host_enabled":null,"eviction_policy":null,"extensions_time_budget":"PT1H30M","hotpatching_enabled":false,"identity":[],"license_type":null,"location":"eastus","max_bid_price":-1,"name":"gsf-vm-windows1","os_disk":[{"caching":"ReadWrite","diff_disk_settings":[],"disk_encryption_set_id":null,"secure_vm_disk_encryption_set_id":null,"security_encryption_type":null,"storage_account_type":"Standard_LRS","write_accelerator_enabled":false}],"patch_mode":"AutomaticByOS","plan":[],"platform_fault_domain":-1,"priority":"Regular","provision_vm_agent":true,"proximity_placement_group_id":null,"resource_group_name":"gsf-rg","secret":[],"secure_boot_enabled":null,"size":"Standard_F2","source_image_id":null,"source_image_reference":[{"offer":"WindowsServer","publisher":"MicrosoftWindowsServer","sku":"2016-Datacenter","version":"latest"}],"tags":null,"timeouts":null,"timezone":null,"user_data":null,"virtual_machine_scale_set_id":null,"vtpm_enabled":null,"winrm_listener":[],"zone":null},"sensitive_values":{"additional_capabilities":[],"additional_unattend_content":[],"boot_diagnostics":[],"identity":[],"network_interface_ids":[],"os_disk":[{"diff_disk_settings":[]}],"plan":[],"private_ip_addresses":[],"public_ip_addresses":[],"secret":[],"source_image_reference":[{}],"termination_notification":[],"winrm_listener":[]}}],"child_modules":[{"resources":[{"address":"module.other_linux_vms[\"gsf-vm-linux2\"].azurerm_network_interface.nic","mode":"managed","type":"azurerm_network_interface","name":"nic","provider_name":"registry.terraform.io/hashicorp/azurerm","schema_version":0,"values":{"edge_zone":null,"enable_accelerated_networking":false,"enable_ip_forwarding":false,"ip_configuration":[{"name":"internal","private_ip_address_allocation":"Dynamic","private_ip_address_version":"IPv4","public_ip_address_id":null}],"location":"eastus","name":"gsf-nic-linux2","resource_group_name":"gsf-rg","tags":null,"timeouts":null},"sensitive_values":{"applied_dns_servers":[],"dns_servers":[],"ip_configuration":[{}],"private_ip_addresses":[]}},{"address":"module.other_linux_vms[\"gsf-vm-linux2\"].azurerm_virtual_machine.vm","mode":"managed","type":"azurerm_virtual_machine","name":"vm","provider_name":"registry.terraform.io/hashicorp/azurerm","schema_version":0,"values":{"additional_capabilities":[],"boot_diagnostics":[],"delete_data_disks_on_termination":false,"delete_os_disk_on_termination":false,"location":"eastus","name":"gsf-vm-linux2","os_profile":[{"admin_password":"mrpswrd1234!","admin_username":"mruser","computer_name":"gsf-host-linux2"}],"os_profile_linux_config":[{"disable_password_authentication":false,"ssh_keys":[]}],"os_profile_secrets":[],"os_profile_windows_config":[],"plan":[],"primary_network_interface_id":null,"proximity_placement_group_id":null,"resource_group_name":"gsf-rg","storage_image_reference":[{"id":"","offer":"0001-com-ubuntu-server-focal","publisher":"Canonical","sku":"20_04-lts-gen2","version":"latest"}],"storage_os_disk":[{"create_option":"FromImage","image_uri":null,"name":"gsf-host-linux2osdisk","vhd_uri":null,"write_accelerator_enabled":false}],"tags":null,"timeouts":null,"vm_size":"Standard_D2s_v3","zones":null},"sensitive_values":{"additional_capabilities":[],"boot_diagnostics":[],"identity":[],"network_interface_ids":[],"os_profile":[{}],"os_profile_linux_config":[{"ssh_keys":[]}],"os_profile_secrets":[],"os_profile_windows_config":[],"plan":[],"storage_data_disk":[],"storage_image_reference":[{}],"storage_os_disk":[{}]}}],"address":"module.other_linux_vms[\"gsf-vm-linux2\"]"},{"resources":[{"address":"module.other_linux_vms[\"gsf-vm-linux3\"].azurerm_network_interface.nic","mode":"managed","type":"azurerm_network_interface","name":"nic","provider_name":"registry.terraform.io/hashicorp/azurerm","schema_version":0,"values":{"edge_zone":null,"enable_accelerated_networking":false,"enable_ip_forwarding":false,"ip_configuration":[{"name":"internal","private_ip_address_allocation":"Dynamic","private_ip_address_version":"IPv4","public_ip_address_id":null}],"location":"eastus","name":"gsf-nic-linux3","resource_group_name":"gsf-rg","tags":null,"timeouts":null},"sensitive_values":{"applied_dns_servers":[],"dns_servers":[],"ip_configuration":[{}],"private_ip_addresses":[]}},{"address":"module.other_linux_vms[\"gsf-vm-linux3\"].azurerm_virtual_machine.vm","mode":"managed","type":"azurerm_virtual_machine","name":"vm","provider_name":"registry.terraform.io/hashicorp/azurerm","schema_version":0,"values":{"additional_capabilities":[],"boot_diagnostics":[],"delete_data_disks_on_termination":false,"delete_os_disk_on_termination":false,"location":"eastus","name":"gsf-vm-linux3","os_profile":[{"admin_password":"mrpswrd1234!","admin_username":"mruser","computer_name":"gsf-host-linux3"}],"os_profile_linux_config":[{"disable_password_authentication":false,"ssh_keys":[]}],"os_profile_secrets":[],"os_profile_windows_config":[],"plan":[],"primary_network_interface_id":null,"proximity_placement_group_id":null,"resource_group_name":"gsf-rg","storage_image_reference":[{"id":"","offer":"0001-com-ubuntu-server-focal","publisher":"Canonical","sku":"20_04-lts-gen2","version":"latest"}],"storage_os_disk":[{"create_option":"FromImage","image_uri":null,"name":"gsf-host-linux3osdisk","vhd_uri":null,"write_accelerator_enabled":false}],"tags":null,"timeouts":null,"vm_size":"Standard_D2s_v3","zones":null},"sensitive_values":{"additional_capabilities":[],"boot_diagnostics":[],"identity":[],"network_interface_ids":[],"os_profile":[{}],"os_profile_linux_config":[{"ssh_keys":[]}],"os_profile_secrets":[],"os_profile_windows_config":[],"plan":[],"storage_data_disk":[],"storage_image_reference":[{}],"storage_os_disk":[{}]}}],"address":"module.other_linux_vms[\"gsf-vm-linux3\"]"}]}},"resource_changes":[{"address":"azurerm_linux_virtual_machine.main","mode":"managed","type":"azurerm_linux_virtual_machine","name":"main","provider_name":"registry.terraform.io/hashicorp/azurerm","change":{"actions":["create"],"before":null,"after":{"additional_capabilities":[],"admin_password":"mrpswrd1234!","admin_ssh_key":[],"admin_username":"mruser","allow_extension_operations":true,"availability_set_id":null,"boot_diagnostics":[],"capacity_reservation_group_id":null,"custom_data":null,"dedicated_host_group_id":null,"dedicated_host_id":null,"disable_password_authentication":false,"edge_zone":null,"encryption_at_host_enabled":null,"eviction_policy":null,"extensions_time_budget":"PT1H30M","identity":[],"license_type":null,"location":"eastus","max_bid_price":-1,"name":"gsf-vm-linux1","os_disk":[{"caching":"ReadWrite","diff_disk_settings":[],"disk_encryption_set_id":null,"secure_vm_disk_encryption_set_id":null,"security_encryption_type":null,"storage_account_type":"Standard_LRS","write_accelerator_enabled":false}],"patch_mode":"ImageDefault","plan":[],"platform_fault_domain":-1,"priority":"Regular","provision_vm_agent":true,"proximity_placement_group_id":null,"resource_group_name":"gsf-rg","secret":[],"secure_boot_enabled":null,"size":"Standard_D2s_v3","source_image_id":null,"source_image_reference":[{"offer":"UbuntuServer","publisher":"Canonical","sku":"18.04-LTS","version":"latest"}],"tags":null,"timeouts":null,"user_data":null,"virtual_machine_scale_set_id":null,"vtpm_enabled":null,"zone":null},"after_unknown":{"additional_capabilities":[],"admin_ssh_key":[],"boot_diagnostics":[],"computer_name":true,"id":true,"identity":[],"network_interface_ids":true,"os_disk":[{"diff_disk_settings":[],"disk_size_gb":true,"name":true}],"plan":[],"private_ip_address":true,"private_ip_addresses":true,"public_ip_address":true,"public_ip_addresses":true,"secret":[],"source_image_reference":[{}],"termination_notification":true,"virtual_machine_id":true},"before_sensitive":false,"after_sensitive":{"additional_capabilities":[],"admin_password":true,"admin_ssh_key":[],"boot_diagnostics":[],"custom_data":true,"identity":[],"network_interface_ids":[],"os_disk":[{"diff_disk_settings":[]}],"plan":[],"private_ip_addresses":[],"public_ip_addresses":[],"secret":[],"source_image_reference":[{}],"termination_notification":[]}}},{"address":"azurerm_network_interface.linux1","mode":"managed","type":"azurerm_network_interface","name":"linux1","provider_name":"registry.terraform.io/hashicorp/azurerm","change":{"actions":["create"],"before":null,"after":{"edge_zone":null,"enable_accelerated_networking":false,"enable_ip_forwarding":false,"ip_configuration":[{"name":"internal","private_ip_address_allocation":"Dynamic","private_ip_address_version":"IPv4","public_ip_address_id":null}],"location":"eastus","name":"gsf-nic-linux1","resource_group_name":"gsf-rg","tags":null,"timeouts":null},"after_unknown":{"applied_dns_servers":true,"dns_servers":true,"id":true,"internal_dns_name_label":true,"internal_domain_name_suffix":true,"ip_configuration":[{"gateway_load_balancer_frontend_ip_configuration_id":true,"primary":true,"private_ip_address":true,"subnet_id":true}],"mac_address":true,"private_ip_address":true,"private_ip_addresses":true,"virtual_machine_id":true},"before_sensitive":false,"after_sensitive":{"applied_dns_servers":[],"dns_servers":[],"ip_configuration":[{}],"private_ip_addresses":[]}}},{"address":"azurerm_network_interface.windows1","mode":"managed","type":"azurerm_network_interface","name":"windows1","provider_name":"registry.terraform.io/hashicorp/azurerm","change":{"actions":["create"],"before":null,"after":{"edge_zone":null,"enable_accelerated_networking":false,"enable_ip_forwarding":false,"ip_configuration":[{"name":"internal","private_ip_address_allocation":"Dynamic","private_ip_address_version":"IPv4","public_ip_address_id":null}],"location":"eastus","name":"gsf-nic-windows1","resource_group_name":"gsf-rg","tags":null,"timeouts":null},"after_unknown":{"applied_dns_servers":true,"dns_servers":true,"id":true,"internal_dns_name_label":true,"internal_domain_name_suffix":true,"ip_configuration":[{"gateway_load_balancer_frontend_ip_configuration_id":true,"primary":true,"private_ip_address":true,"subnet_id":true}],"mac_address":true,"private_ip_address":true,"private_ip_addresses":true,"virtual_machine_id":true},"before_sensitive":false,"after_sensitive":{"applied_dns_servers":[],"dns_servers":[],"ip_configuration":[{}],"private_ip_addresses":[]}}},{"address":"azurerm_resource_group.main","mode":"managed","type":"azurerm_resource_group","name":"main","provider_name":"registry.terraform.io/hashicorp/azurerm","change":{"actions":["create"],"before":null,"after":{"location":"eastus","name":"gsf-rg","tags":null,"timeouts":null},"after_unknown":{"id":true},"before_sensitive":false,"after_sensitive":{}}},{"address":"azurerm_subnet.linux","mode":"managed","type":"azurerm_subnet","name":"linux","provider_name":"registry.terraform.io/hashicorp/azurerm","change":{"actions":["create"],"before":null,"after":{"address_prefixes":["10.0.2.0/27"],"delegation":[],"enforce_private_link_endpoint_network_policies":false,"enforce_private_link_service_network_policies":false,"name":"gsf-linux-subnet","resource_group_name":"gsf-rg","service_endpoint_policy_ids":null,"service_endpoints":null,"timeouts":null,"virtual_network_name":"gsf-network"},"after_unknown":{"address_prefixes":[false],"delegation":[],"id":true},"before_sensitive":false,"after_sensitive":{"address_prefixes":[false],"delegation":[]}}},{"address":"azurerm_subnet.windows","mode":"managed","type":"azurerm_subnet","name":"windows","provider_name":"registry.terraform.io/hashicorp/azurerm","change":{"actions":["create"],"before":null,"after":{"address_prefixes":["10.0.2.32/27"],"delegation":[],"enforce_private_link_endpoint_network_policies":false,"enforce_private_link_service_network_policies":false,"name":"gsf-windows-subnet","resource_group_name":"gsf-rg","service_endpoint_policy_ids":null,"service_endpoints":null,"timeouts":null,"virtual_network_name":"gsf-network"},"after_unknown":{"address_prefixes":[false],"delegation":[],"id":true},"before_sensitive":false,"after_sensitive":{"address_prefixes":[false],"delegation":[]}}},{"address":"azurerm_virtual_network.main","mode":"managed","type":"azurerm_virtual_network","name":"main","provider_name":"registry.terraform.io/hashicorp/azurerm","change":{"actions":["create"],"before":null,"after":{"address_space":["10.0.0.0/22"],"bgp_community":null,"ddos_protection_plan":[],"edge_zone":null,"flow_timeout_in_minutes":null,"location":"eastus","name":"gsf-network","resource_group_name":"gsf-rg","tags":null,"timeouts":null},"after_unknown":{"address_space":[false],"ddos_protection_plan":[],"dns_servers":true,"guid":true,"id":true,"subnet":true},"before_sensitive":false,"after_sensitive":{"address_space":[false],"ddos_protection_plan":[],"dns_servers":[],"subnet":[]}}},{"address":"azurerm_windows_virtual_machine.main","mode":"managed","type":"azurerm_windows_virtual_machine","name":"main","provider_name":"registry.terraform.io/hashicorp/azurerm","change":{"actions":["create"],"before":null,"after":{"additional_capabilities":[],"additional_unattend_content":[],"admin_password":"mrpswrd1234!","admin_username":"mruser","allow_extension_operations":true,"availability_set_id":null,"boot_diagnostics":[],"capacity_reservation_group_id":null,"custom_data":null,"dedicated_host_group_id":null,"dedicated_host_id":null,"edge_zone":null,"enable_automatic_updates":true,"encryption_at_host_enabled":null,"eviction_policy":null,"extensions_time_budget":"PT1H30M","hotpatching_enabled":false,"identity":[],"license_type":null,"location":"eastus","max_bid_price":-1,"name":"gsf-vm-windows1","os_disk":[{"caching":"ReadWrite","diff_disk_settings":[],"disk_encryption_set_id":null,"secure_vm_disk_encryption_set_id":null,"security_encryption_type":null,"storage_account_type":"Standard_LRS","write_accelerator_enabled":false}],"patch_mode":"AutomaticByOS","plan":[],"platform_fault_domain":-1,"priority":"Regular","provision_vm_agent":true,"proximity_placement_group_id":null,"resource_group_name":"gsf-rg","secret":[],"secure_boot_enabled":null,"size":"Standard_F2","source_image_id":null,"source_image_reference":[{"offer":"WindowsServer","publisher":"MicrosoftWindowsServer","sku":"2016-Datacenter","version":"latest"}],"tags":null,"timeouts":null,"timezone":null,"user_data":null,"virtual_machine_scale_set_id":null,"vtpm_enabled":null,"winrm_listener":[],"zone":null},"after_unknown":{"additional_capabilities":[],"additional_unattend_content":[],"boot_diagnostics":[],"computer_name":true,"id":true,"identity":[],"network_interface_ids":true,"os_disk":[{"diff_disk_settings":[],"disk_size_gb":true,"name":true}],"plan":[],"private_ip_address":true,"private_ip_addresses":true,"public_ip_address":true,"public_ip_addresses":true,"secret":[],"source_image_reference":[{}],"termination_notification":true,"virtual_machine_id":true,"winrm_listener":[]},"before_sensitive":false,"after_sensitive":{"additional_capabilities":[],"additional_unattend_content":[],"admin_password":true,"boot_diagnostics":[],"custom_data":true,"identity":[],"network_interface_ids":[],"os_disk":[{"diff_disk_settings":[]}],"plan":[],"private_ip_addresses":[],"public_ip_addresses":[],"secret":[],"source_image_reference":[{}],"termination_notification":[],"winrm_listener":[]}}},{"address":"module.other_linux_vms[\"gsf-vm-linux2\"].azurerm_network_interface.nic","module_address":"module.other_linux_vms[\"gsf-vm-linux2\"]","mode":"managed","type":"azurerm_network_interface","name":"nic","provider_name":"registry.terraform.io/hashicorp/azurerm","change":{"actions":["create"],"before":null,"after":{"edge_zone":null,"enable_accelerated_networking":false,"enable_ip_forwarding":false,"ip_configuration":[{"name":"internal","private_ip_address_allocation":"Dynamic","private_ip_address_version":"IPv4","public_ip_address_id":null}],"location":"eastus","name":"gsf-nic-linux2","resource_group_name":"gsf-rg","tags":null,"timeouts":null},"after_unknown":{"applied_dns_servers":true,"dns_servers":true,"id":true,"internal_dns_name_label":true,"internal_domain_name_suffix":true,"ip_configuration":[{"gateway_load_balancer_frontend_ip_configuration_id":true,"primary":true,"private_ip_address":true,"subnet_id":true}],"mac_address":true,"private_ip_address":true,"private_ip_addresses":true,"virtual_machine_id":true},"before_sensitive":false,"after_sensitive":{"applied_dns_servers":[],"dns_servers":[],"ip_configuration":[{}],"private_ip_addresses":[]}}},{"address":"module.other_linux_vms[\"gsf-vm-linux2\"].azurerm_virtual_machine.vm","module_address":"module.other_linux_vms[\"gsf-vm-linux2\"]","mode":"managed","type":"azurerm_virtual_machine","name":"vm","provider_name":"registry.terraform.io/hashicorp/azurerm","change":{"actions":["create"],"before":null,"after":{"additional_capabilities":[],"boot_diagnostics":[],"delete_data_disks_on_termination":false,"delete_os_disk_on_termination":false,"location":"eastus","name":"gsf-vm-linux2","os_profile":[{"admin_password":"mrpswrd1234!","admin_username":"mruser","computer_name":"gsf-host-linux2"}],"os_profile_linux_config":[{"disable_password_authentication":false,"ssh_keys":[]}],"os_profile_secrets":[],"os_profile_windows_config":[],"plan":[],"primary_network_interface_id":null,"proximity_placement_group_id":null,"resource_group_name":"gsf-rg","storage_image_reference":[{"id":"","offer":"0001-com-ubuntu-server-focal","publisher":"Canonical","sku":"20_04-lts-gen2","version":"latest"}],"storage_os_disk":[{"create_option":"FromImage","image_uri":null,"name":"gsf-host-linux2osdisk","vhd_uri":null,"write_accelerator_enabled":false}],"tags":null,"timeouts":null,"vm_size":"Standard_D2s_v3","zones":null},"after_unknown":{"additional_capabilities":[],"availability_set_id":true,"boot_diagnostics":[],"id":true,"identity":true,"license_type":true,"network_interface_ids":true,"os_profile":[{"custom_data":true}],"os_profile_linux_config":[{"ssh_keys":[]}],"os_profile_secrets":[],"os_profile_windows_config":[],"plan":[],"storage_data_disk":true,"storage_image_reference":[{}],"storage_os_disk":[{"caching":true,"disk_size_gb":true,"managed_disk_id":true,"managed_disk_type":true,"os_type":true}]},"before_sensitive":false,"after_sensitive":{"additional_capabilities":[],"boot_diagnostics":[],"identity":[],"network_interface_ids":[],"os_profile":true,"os_profile_linux_config":[{"ssh_keys":[]}],"os_profile_secrets":[],"os_profile_windows_config":[],"plan":[],"storage_data_disk":[],"storage_image_reference":[{}],"storage_os_disk":[{}]}}},{"address":"module.other_linux_vms[\"gsf-vm-linux3\"].azurerm_network_interface.nic","module_address":"module.other_linux_vms[\"gsf-vm-linux3\"]","mode":"managed","type":"azurerm_network_interface","name":"nic","provider_name":"registry.terraform.io/hashicorp/azurerm","change":{"actions":["create"],"before":null,"after":{"edge_zone":null,"enable_accelerated_networking":false,"enable_ip_forwarding":false,"ip_configuration":[{"name":"internal","private_ip_address_allocation":"Dynamic","private_ip_address_version":"IPv4","public_ip_address_id":null}],"location":"eastus","name":"gsf-nic-linux3","resource_group_name":"gsf-rg","tags":null,"timeouts":null},"after_unknown":{"applied_dns_servers":true,"dns_servers":true,"id":true,"internal_dns_name_label":true,"internal_domain_name_suffix":true,"ip_configuration":[{"gateway_load_balancer_frontend_ip_configuration_id":true,"primary":true,"private_ip_address":true,"subnet_id":true}],"mac_address":true,"private_ip_address":true,"private_ip_addresses":true,"virtual_machine_id":true},"before_sensitive":false,"after_sensitive":{"applied_dns_servers":[],"dns_servers":[],"ip_configuration":[{}],"private_ip_addresses":[]}}},{"address":"module.other_linux_vms[\"gsf-vm-linux3\"].azurerm_virtual_machine.vm","module_address":"module.other_linux_vms[\"gsf-vm-linux3\"]","mode":"managed","type":"azurerm_virtual_machine","name":"vm","provider_name":"registry.terraform.io/hashicorp/azurerm","change":{"actions":["create"],"before":null,"after":{"additional_capabilities":[],"boot_diagnostics":[],"delete_data_disks_on_termination":false,"delete_os_disk_on_termination":false,"location":"eastus","name":"gsf-vm-linux3","os_profile":[{"admin_password":"mrpswrd1234!","admin_username":"mruser","computer_name":"gsf-host-linux3"}],"os_profile_linux_config":[{"disable_password_authentication":false,"ssh_keys":[]}],"os_profile_secrets":[],"os_profile_windows_config":[],"plan":[],"primary_network_interface_id":null,"proximity_placement_group_id":null,"resource_group_name":"gsf-rg","storage_image_reference":[{"id":"","offer":"0001-com-ubuntu-server-focal","publisher":"Canonical","sku":"20_04-lts-gen2","version":"latest"}],"storage_os_disk":[{"create_option":"FromImage","image_uri":null,"name":"gsf-host-linux3osdisk","vhd_uri":null,"write_accelerator_enabled":false}],"tags":null,"timeouts":null,"vm_size":"Standard_D2s_v3","zones":null},"after_unknown":{"additional_capabilities":[],"availability_set_id":true,"boot_diagnostics":[],"id":true,"identity":true,"license_type":true,"network_interface_ids":true,"os_profile":[{"custom_data":true}],"os_profile_linux_config":[{"ssh_keys":[]}],"os_profile_secrets":[],"os_profile_windows_config":[],"plan":[],"storage_data_disk":true,"storage_image_reference":[{}],"storage_os_disk":[{"caching":true,"disk_size_gb":true,"managed_disk_id":true,"managed_disk_type":true,"os_type":true}]},"before_sensitive":false,"after_sensitive":{"additional_capabilities":[],"boot_diagnostics":[],"identity":[],"network_interface_ids":[],"os_profile":true,"os_profile_linux_config":[{"ssh_keys":[]}],"os_profile_secrets":[],"os_profile_windows_config":[],"plan":[],"storage_data_disk":[],"storage_image_reference":[{}],"storage_os_disk":[{}]}}}],"configuration":{"provider_config":{"azurerm":{"name":"azurerm","full_name":"registry.terraform.io/hashicorp/azurerm","version_constraint":"3.15.1","expressions":{"features":[{}]}}},"root_module":{"resources":[{"address":"azurerm_linux_virtual_machine.main","mode":"managed","type":"azurerm_linux_virtual_machine","name":"main","provider_config_key":"azurerm","expressions":{"admin_password":{"references":["local.password"]},"admin_username":{"references":["local.username"]},"disable_password_authentication":{"constant_value":false},"location":{"references":["azurerm_resource_group.main.location","azurerm_resource_group.main"]},"name":{"references":["local.prefix"]},"network_interface_ids":{"references":["azurerm_network_interface.linux1.id","azurerm_network_interface.linux1"]},"os_disk":[{"caching":{"constant_value":"ReadWrite"},"storage_account_type":{"constant_value":"Standard_LRS"}}],"resource_group_name":{"references":["azurerm_resource_group.main.name","azurerm_resource_group.main"]},"size":{"constant_value":"Standard_D2s_v3"},"source_image_reference":[{"offer":{"constant_value":"UbuntuServer"},"publisher":{"constant_value":"Canonical"},"sku":{"constant_value":"18.04-LTS"},"version":{"constant_value":"latest"}}]},"schema_version":0},{"address":"azurerm_network_interface.linux1","mode":"managed","type":"azurerm_network_interface","name":"linux1","provider_config_key":"azurerm","expressions":{"ip_configuration":[{"name":{"constant_value":"internal"},"private_ip_address_allocation":{"constant_value":"Dynamic"},"subnet_id":{"references":["azurerm_subnet.linux.id","azurerm_subnet.linux"]}}],"location":{"references":["azurerm_resource_group.main.location","azurerm_resource_group.main"]},"name":{"references":["local.prefix"]},"resource_group_name":{"references":["azurerm_resource_group.main.name","azurerm_resource_group.main"]}},"schema_version":0},{"address":"azurerm_network_interface.windows1","mode":"managed","type":"azurerm_network_interface","name":"windows1","provider_config_key":"azurerm","expressions":{"ip_configuration":[{"name":{"constant_value":"internal"},"private_ip_address_allocation":{"constant_value":"Dynamic"},"subnet_id":{"references":["azurerm_subnet.windows.id","azurerm_subnet.windows"]}}],"location":{"references":["azurerm_resource_group.main.location","azurerm_resource_group.main"]},"name":{"references":["local.prefix"]},"resource_group_name":{"references":["azurerm_resource_group.main.name","azurerm_resource_group.main"]}},"schema_version":0},{"address":"azurerm_resource_group.main","mode":"managed","type":"azurerm_resource_group","name":"main","provider_config_key":"azurerm","expressions":{"location":{"references":["local.location"]},"name":{"references":["local.prefix"]}},"schema_version":0},{"address":"azurerm_subnet.linux","mode":"managed","type":"azurerm_subnet","name":"linux","provider_config_key":"azurerm","expressions":{"address_prefixes":{"constant_value":["10.0.2.0/27"]},"name":{"references":["local.prefix"]},"resource_group_name":{"references":["azurerm_resource_group.main.name","azurerm_resource_group.main"]},"virtual_network_name":{"references":["azurerm_virtual_network.main.name","azurerm_virtual_network.main"]}},"schema_version":0},{"address":"azurerm_subnet.windows","mode":"managed","type":"azurerm_subnet","name":"windows","provider_config_key":"azurerm","expressions":{"address_prefixes":{"constant_value":["10.0.2.32/27"]},"name":{"references":["local.prefix"]},"resource_group_name":{"references":["azurerm_resource_group.main.name","azurerm_resource_group.main"]},"virtual_network_name":{"references":["azurerm_virtual_network.main.name","azurerm_virtual_network.main"]}},"schema_version":0},{"address":"azurerm_virtual_network.main","mode":"managed","type":"azurerm_virtual_network","name":"main","provider_config_key":"azurerm","expressions":{"address_space":{"constant_value":["10.0.0.0/22"]},"location":{"references":["azurerm_resource_group.main.location","azurerm_resource_group.main"]},"name":{"references":["local.prefix"]},"resource_group_name":{"references":["azurerm_resource_group.main.name","azurerm_resource_group.main"]}},"schema_version":0},{"address":"azurerm_windows_virtual_machine.main","mode":"managed","type":"azurerm_windows_virtual_machine","name":"main","provider_config_key":"azurerm","expressions":{"admin_password":{"references":["local.password"]},"admin_username":{"references":["local.username"]},"location":{"references":["azurerm_resource_group.main.location","azurerm_resource_group.main"]},"name":{"references":["local.prefix"]},"network_interface_ids":{"references":["azurerm_network_interface.windows1.id","azurerm_network_interface.windows1"]},"os_disk":[{"caching":{"constant_value":"ReadWrite"},"storage_account_type":{"constant_value":"Standard_LRS"}}],"resource_group_name":{"references":["azurerm_resource_group.main.name","azurerm_resource_group.main"]},"size":{"constant_value":"Standard_F2"},"source_image_reference":[{"offer":{"constant_value":"WindowsServer"},"publisher":{"constant_value":"MicrosoftWindowsServer"},"sku":{"constant_value":"2016-Datacenter"},"version":{"constant_value":"latest"}}]},"schema_version":0}],"module_calls":{"other_linux_vms":{"source":"./modules/azurerm_virtual_machine","expressions":{"admin_password":{"references":["local.password"]},"admin_username":{"references":["local.username"]},"hostname":{"references":["each.value.hostname","each.value"]},"location":{"references":["azurerm_resource_group.main.location","azurerm_resource_group.main"]},"nic_name":{"references":["each.value.nic_name","each.value"]},"rg_name":{"references":["azurerm_resource_group.main.name","azurerm_resource_group.main"]},"subnet_id":{"references":["azurerm_subnet.linux.id","azurerm_subnet.linux"]},"vm_name":{"references":["each.key"]}},"for_each_expression":{"references":["local.other_linux_vms"]},"module":{"resources":[{"address":"azurerm_network_interface.nic","mode":"managed","type":"azurerm_network_interface","name":"nic","provider_config_key":"azurerm","expressions":{"ip_configuration":[{"name":{"constant_value":"internal"},"private_ip_address_allocation":{"constant_value":"Dynamic"},"subnet_id":{"references":["var.subnet_id"]}}],"location":{"references":["var.location"]},"name":{"references":["var.nic_name"]},"resource_group_name":{"references":["var.rg_name"]}},"schema_version":0},{"address":"azurerm_virtual_machine.vm","mode":"managed","type":"azurerm_virtual_machine","name":"vm","provider_config_key":"azurerm","expressions":{"location":{"references":["var.location"]},"name":{"references":["var.vm_name"]},"network_interface_ids":{"references":["azurerm_network_interface.nic.id","azurerm_network_interface.nic"]},"os_profile":[{"admin_password":{"references":["var.admin_password"]},"admin_username":{"references":["var.admin_username"]},"computer_name":{"references":["var.hostname"]}}],"os_profile_linux_config":[{"disable_password_authentication":{"constant_value":false}}],"resource_group_name":{"references":["var.rg_name"]},"storage_image_reference":[{"offer":{"constant_value":"0001-com-ubuntu-server-focal"},"publisher":{"constant_value":"Canonical"},"sku":{"constant_value":"20_04-lts-gen2"},"version":{"constant_value":"latest"}}],"storage_os_disk":[{"create_option":{"constant_value":"FromImage"},"name":{"references":["var.hostname"]}}],"vm_size":{"constant_value":"Standard_D2s_v3"}},"schema_version":0}],"variables":{"admin_password":{},"admin_username":{},"hostname":{},"location":{},"nic_name":{},"rg_name":{},"subnet_id":{},"vm_name":{}}}}}}},"relevant_attributes":[{"resource":"azurerm_resource_group.main","attribute":["name"]},{"resource":"azurerm_subnet.windows","attribute":["id"]},{"resource":"azurerm_network_interface.windows1","attribute":["id"]},{"resource":"module.other_linux_vms[\"gsf-vm-linux2\"].azurerm_network_interface.nic","attribute":["id"]},{"resource":"azurerm_resource_group.main","attribute":["location"]},{"resource":"azurerm_virtual_network.main","attribute":["name"]},{"resource":"azurerm_subnet.linux","attribute":["id"]},{"resource":"module.other_linux_vms[\"gsf-vm-linux3\"].azurerm_network_interface.nic","attribute":["id"]},{"resource":"azurerm_network_interface.linux1","attribute":["id"]}]}
